
Microsoft Visual Studio Solution File, Format Version 12.00
Project("{F2A71F9B-5D33-465A-A702-920D77279786}") = "WarAndPeace", "WarAndPeace\WarAndPeace.fsproj", "{37029D85-CF85-4CF6-8A5E-CC0E08CDE80E}"
EndProject
Project("{F2A71F9B-5D33-465A-A702-920D77279786}") = "WarAndPeaceTests", "WarAndPeaceTests\WarAndPeaceTests.fsproj", "{1AA33947-8224-40C9-B34C-1210AEBB2708}"
EndProject
Global
	GlobalSection(SolutionConfigurationPlatforms) = preSolution
		Debug|Any CPU = Debug|Any CPU
		Release|Any CPU = Release|Any CPU
	EndGlobalSection
	GlobalSection(ProjectConfigurationPlatforms) = postSolution
		{37029D85-CF85-4CF6-8A5E-CC0E08CDE80E}.Debug|Any CPU.ActiveCfg = Debug|Any CPU
		{37029D85-CF85-4CF6-8A5E-CC0E08CDE80E}.Debug|Any CPU.Build.0 = Debug|Any CPU
		{37029D85-CF85-4CF6-8A5E-CC0E08CDE80E}.Release|Any CPU.ActiveCfg = Release|Any CPU
		{37029D85-CF85-4CF6-8A5E-CC0E08CDE80E}.Release|Any CPU.Build.0 = Release|Any CPU
		{1AA33947-8224-40C9-B34C-1210AEBB2708}.Debug|Any CPU.ActiveCfg = Debug|Any CPU
		{1AA33947-8224-40C9-B34C-1210AEBB2708}.Debug|Any CPU.Build.0 = Debug|Any CPU
		{1AA33947-8224-40C9-B34C-1210AEBB2708}.Release|Any CPU.ActiveCfg = Release|Any CPU
		{1AA33947-8224-40C9-B34C-1210AEBB2708}.Release|Any CPU.Build.0 = Release|Any CPU
	EndGlobalSection
EndGlobal
